
Microsoft Visual Studio Solution File, Format Version 12.00
# Visual Studio Version 17
VisualStudioVersion = 17.14.36518.9
MinimumVisualStudioVersion = 10.0.40219.1
Project("{FAE04EC0-301F-11D3-BF4B-00C04F79EFBC}") = "NookBook.API", "NookBook.API.csproj", "{E69C17E1-FDAF-562F-EA66-9392EC6FA872}"
EndProject
Project("{FAE04EC0-301F-11D3-BF4B-00C04F79EFBC}") = "NookBook.API.Tests", "NookBook.API.Tests\NookBook.API.Tests.csproj", "{32885A8E-F61B-4086-A89D-A311D761291F}"
EndProject
Global
	GlobalSection(SolutionConfigurationPlatforms) = preSolution
		Debug|Any CPU = Debug|Any CPU
		Debug|x64 = Debug|x64
		Debug|x86 = Debug|x86
		Release|Any CPU = Release|Any CPU
		Release|x64 = Release|x64
		Release|x86 = Release|x86
	EndGlobalSection
	GlobalSection(ProjectConfigurationPlatforms) = postSolution
		{E69C17E1-FDAF-562F-EA66-9392EC6FA872}.Debug|Any CPU.ActiveCfg = Debug|Any CPU
		{E69C17E1-FDAF-562F-EA66-9392EC6FA872}.Debug|Any CPU.Build.0 = Debug|Any CPU
		{E69C17E1-FDAF-562F-EA66-9392EC6FA872}.Debug|x64.ActiveCfg = Debug|Any CPU
		{E69C17E1-FDAF-562F-EA66-9392EC6FA872}.Debug|x64.Build.0 = Debug|Any CPU
		{E69C17E1-FDAF-562F-EA66-9392EC6FA872}.Debug|x86.ActiveCfg = Debug|Any CPU
		{E69C17E1-FDAF-562F-EA66-9392EC6FA872}.Debug|x86.Build.0 = Debug|Any CPU
		{E69C17E1-FDAF-562F-EA66-9392EC6FA872}.Release|Any CPU.ActiveCfg = Release|Any CPU
		{E69C17E1-FDAF-562F-EA66-9392EC6FA872}.Release|Any CPU.Build.0 = Release|Any CPU
		{E69C17E1-FDAF-562F-EA66-9392EC6FA872}.Release|x64.ActiveCfg = Release|Any CPU
		{E69C17E1-FDAF-562F-EA66-9392EC6FA872}.Release|x64.Build.0 = Release|Any CPU
		{E69C17E1-FDAF-562F-EA66-9392EC6FA872}.Release|x86.ActiveCfg = Release|Any CPU
		{E69C17E1-FDAF-562F-EA66-9392EC6FA872}.Release|x86.Build.0 = Release|Any CPU
		{32885A8E-F61B-4086-A89D-A311D761291F}.Debug|Any CPU.ActiveCfg = Debug|Any CPU
		{32885A8E-F61B-4086-A89D-A311D761291F}.Debug|Any CPU.Build.0 = Debug|Any CPU
		{32885A8E-F61B-4086-A89D-A311D761291F}.Debug|x64.ActiveCfg = Debug|Any CPU
		{32885A8E-F61B-4086-A89D-A311D761291F}.Debug|x64.Build.0 = Debug|Any CPU
		{32885A8E-F61B-4086-A89D-A311D761291F}.Debug|x86.ActiveCfg = Debug|Any CPU
		{32885A8E-F61B-4086-A89D-A311D761291F}.Debug|x86.Build.0 = Debug|Any CPU
		{32885A8E-F61B-4086-A89D-A311D761291F}.Release|Any CPU.ActiveCfg = Release|Any CPU
		{32885A8E-F61B-4086-A89D-A311D761291F}.Release|Any CPU.Build.0 = Release|Any CPU
		{32885A8E-F61B-4086-A89D-A311D761291F}.Release|x64.ActiveCfg = Release|Any CPU
		{32885A8E-F61B-4086-A89D-A311D761291F}.Release|x64.Build.0 = Release|Any CPU
		{32885A8E-F61B-4086-A89D-A311D761291F}.Release|x86.ActiveCfg = Release|Any CPU
		{32885A8E-F61B-4086-A89D-A311D761291F}.Release|x86.Build.0 = Release|Any CPU
	EndGlobalSection
	GlobalSection(SolutionProperties) = preSolution
		HideSolutionNode = FALSE
	EndGlobalSection
	GlobalSection(ExtensibilityGlobals) = postSolution
		SolutionGuid = {FA283561-F706-4B76-97E3-ADAA4A775558}
	EndGlobalSection
EndGlobal
